
Microsoft Visual Studio Solution File, Format Version 12.00
# Visual Studio Version 17
VisualStudioVersion = 17.1.32210.238
MinimumVisualStudioVersion = 10.0.40219.1
Project("{FAE04EC0-301F-11D3-BF4B-00C04F79EFBC}") = "ArtRandomizer", "ArtRandomizer\ArtRandomizer.csproj", "{F7F31327-8534-4D96-A134-487630E4F37F}"
EndProject
Global
	GlobalSection(SolutionConfigurationPlatforms) = preSolution
		Debug|Any CPU = Debug|Any CPU
		Release|Any CPU = Release|Any CPU
	EndGlobalSection
	GlobalSection(ProjectConfigurationPlatforms) = postSolution
		{F7F31327-8534-4D96-A134-487630E4F37F}.Debug|Any CPU.ActiveCfg = Debug|Any CPU
		{F7F31327-8534-4D96-A134-487630E4F37F}.Debug|Any CPU.Build.0 = Debug|Any CPU
		{F7F31327-8534-4D96-A134-487630E4F37F}.Release|Any CPU.ActiveCfg = Release|Any CPU
		{F7F31327-8534-4D96-A134-487630E4F37F}.Release|Any CPU.Build.0 = Release|Any CPU
	EndGlobalSection
	GlobalSection(SolutionProperties) = preSolution
		HideSolutionNode = FALSE
	EndGlobalSection
	GlobalSection(ExtensibilityGlobals) = postSolution
		SolutionGuid = {0762C1EE-49CD-4E60-A684-9FEC45A5F143}
	EndGlobalSection
EndGlobal
